// !$*UTF8*$!
{
	archiveVersion = 1;
	classes = {
	};
	objectVersion = 55;
	objects = {

/* Begin PBXBuildFile section */
		188826F8284F1C9900D19356 /* AppDelegate.swift in Sources */ = {isa = PBXBuildFile; fileRef = 188826F7284F1C9900D19356 /* AppDelegate.swift */; };
		188826FA284F1C9900D19356 /* SceneDelegate.swift in Sources */ = {isa = PBXBuildFile; fileRef = 188826F9284F1C9900D19356 /* SceneDelegate.swift */; };
		188826FC284F1C9900D19356 /* ViewController.swift in Sources */ = {isa = PBXBuildFile; fileRef = 188826FB284F1C9900D19356 /* ViewController.swift */; };
		188826FF284F1C9900D19356 /* Main.storyboard in Resources */ = {isa = PBXBuildFile; fileRef = 188826FD284F1C9900D19356 /* Main.storyboard */; };
		18882701284F1C9C00D19356 /* Assets.xcassets in Resources */ = {isa = PBXBuildFile; fileRef = 18882700284F1C9C00D19356 /* Assets.xcassets */; };
		18882704284F1C9C00D19356 /* LaunchScreen.storyboard in Resources */ = {isa = PBXBuildFile; fileRef = 18882702284F1C9C00D19356 /* LaunchScreen.storyboard */; };
		1888270F284F1C9C00D19356 /* Virtual_CloseoutTests.swift in Sources */ = {isa = PBXBuildFile; fileRef = 1888270E284F1C9C00D19356 /* Virtual_CloseoutTests.swift */; };
		18882719284F1C9C00D19356 /* Virtual_CloseoutUITests.swift in Sources */ = {isa = PBXBuildFile; fileRef = 18882718284F1C9C00D19356 /* Virtual_CloseoutUITests.swift */; };
		1888271B284F1C9C00D19356 /* Virtual_CloseoutUITestsLaunchTests.swift in Sources */ = {isa = PBXBuildFile; fileRef = 1888271A284F1C9C00D19356 /* Virtual_CloseoutUITestsLaunchTests.swift */; };
/* End PBXBuildFile section */

/* Begin PBXContainerItemProxy section */
		1888270B284F1C9C00D19356 /* PBXContainerItemProxy */ = {
			isa = PBXContainerItemProxy;
			containerPortal = 188826EC284F1C9900D19356 /* Project object */;
			proxyType = 1;
			remoteGlobalIDString = 188826F3284F1C9900D19356;
			remoteInfo = "Virtual Closeout";
		};
		18882715284F1C9C00D19356 /* PBXContainerItemProxy */ = {
			isa = PBXContainerItemProxy;
			containerPortal = 188826EC284F1C9900D19356 /* Project object */;
			proxyType = 1;
			remoteGlobalIDString = 188826F3284F1C9900D19356;
			remoteInfo = "Virtual Closeout";
		};
/* End PBXContainerItemProxy section */

/* Begin PBXFileReference section */
		188826F4284F1C9900D19356 /* Virtual Closeout.app */ = {isa = PBXFileReference; explicitFileType = wrapper.application; includeInIndex = 0; path = "Virtual Closeout.app"; sourceTree = BUILT_PRODUCTS_DIR; };
		188826F7284F1C9900D19356 /* AppDelegate.swift */ = {isa = PBXFileReference; lastKnownFileType = sourcecode.swift; path = AppDelegate.swift; sourceTree = "<group>"; };
		188826F9284F1C9900D19356 /* SceneDelegate.swift */ = {isa = PBXFileReference; lastKnownFileType = sourcecode.swift; path = SceneDelegate.swift; sourceTree = "<group>"; };
		188826FB284F1C9900D19356 /* ViewController.swift */ = {isa = PBXFileReference; lastKnownFileType = sourcecode.swift; path = ViewController.swift; sourceTree = "<group>"; };
		188826FE284F1C9900D19356 /* Base */ = {isa = PBXFileReference; lastKnownFileType = file.storyboard; name = Base; path = Base.lproj/Main.storyboard; sourceTree = "<group>"; };
		18882700284F1C9C00D19356 /* Assets.xcassets */ = {isa = PBXFileReference; lastKnownFileType = folder.assetcatalog; path = Assets.xcassets; sourceTree = "<group>"; };
		18882703284F1C9C00D19356 /* Base */ = {isa = PBXFileReference; lastKnownFileType = file.storyboard; name = Base; path = Base.lproj/LaunchScreen.storyboard; sourceTree = "<group>"; };
		18882705284F1C9C00D19356 /* Info.plist */ = {isa = PBXFileReference; lastKnownFileType = text.plist.xml; path = Info.plist; sourceTree = "<group>"; };
		1888270A284F1C9C00D19356 /* Virtual CloseoutTests.xctest */ = {isa = PBXFileReference; explicitFileType = wrapper.cfbundle; includeInIndex = 0; path = "Virtual CloseoutTests.xctest"; sourceTree = BUILT_PRODUCTS_DIR; };
		1888270E284F1C9C00D19356 /* Virtual_CloseoutTests.swift */ = {isa = PBXFileReference; lastKnownFileType = sourcecode.swift; path = Virtual_CloseoutTests.swift; sourceTree = "<group>"; };
		18882714284F1C9C00D19356 /* Virtual CloseoutUITests.xctest */ = {isa = PBXFileReference; explicitFileType = wrapper.cfbundle; includeInIndex = 0; path = "Virtual CloseoutUITests.xctest"; sourceTree = BUILT_PRODUCTS_DIR; };
		18882718284F1C9C00D19356 /* Virtual_CloseoutUITests.swift */ = {isa = PBXFileReference; lastKnownFileType = sourcecode.swift; path = Virtual_CloseoutUITests.swift; sourceTree = "<group>"; };
		1888271A284F1C9C00D19356 /* Virtual_CloseoutUITestsLaunchTests.swift */ = {isa = PBXFileReference; lastKnownFileType = sourcecode.swift; path = Virtual_CloseoutUITestsLaunchTests.swift; sourceTree = "<group>"; };
/* End PBXFileReference section */

/* Begin PBXFrameworksBuildPhase section */
		188826F1284F1C9900D19356 /* Frameworks */ = {
			isa = PBXFrameworksBuildPhase;
			buildActionMask = 2147483647;
			files = (
			);
			runOnlyForDeploymentPostprocessing = 0;
		};
		18882707284F1C9C00D19356 /* Frameworks */ = {
			isa = PBXFrameworksBuildPhase;
			buildActionMask = 2147483647;
			files = (
			);
			runOnlyForDeploymentPostprocessing = 0;
		};
		18882711284F1C9C00D19356 /* Frameworks */ = {
			isa = PBXFrameworksBuildPhase;
			buildActionMask = 2147483647;
			files = (
			);
			runOnlyForDeploymentPostprocessing = 0;
		};
/* End PBXFrameworksBuildPhase section */

/* Begin PBXGroup section */
		188826EB284F1C9900D19356 = {
			isa = PBXGroup;
			children = (
				188826F6284F1C9900D19356 /* Virtual Closeout */,
				1888270D284F1C9C00D19356 /* Virtual CloseoutTests */,
				18882717284F1C9C00D19356 /* Virtual CloseoutUITests */,
				188826F5284F1C9900D19356 /* Products */,
			);
			sourceTree = "<group>";
		};
		188826F5284F1C9900D19356 /* Products */ = {
			isa = PBXGroup;
			children = (
				188826F4284F1C9900D19356 /* Virtual Closeout.app */,
				1888270A284F1C9C00D19356 /* Virtual CloseoutTests.xctest */,
				18882714284F1C9C00D19356 /* Virtual CloseoutUITests.xctest */,
			);
			name = Products;
			sourceTree = "<group>";
		};
		188826F6284F1C9900D19356 /* Virtual Closeout */ = {
			isa = PBXGroup;
			children = (
				188826F7284F1C9900D19356 /* AppDelegate.swift */,
				188826F9284F1C9900D19356 /* SceneDelegate.swift */,
				188826FB284F1C9900D19356 /* ViewController.swift */,
				188826FD284F1C9900D19356 /* Main.storyboard */,
				18882700284F1C9C00D19356 /* Assets.xcassets */,
				18882702284F1C9C00D19356 /* LaunchScreen.storyboard */,
				18882705284F1C9C00D19356 /* Info.plist */,
			);
			path = "Virtual Closeout";
			sourceTree = "<group>";
		};
		1888270D284F1C9C00D19356 /* Virtual CloseoutTests */ = {
			isa = PBXGroup;
			children = (
				1888270E284F1C9C00D19356 /* Virtual_CloseoutTests.swift */,
			);
			path = "Virtual CloseoutTests";
			sourceTree = "<group>";
		};
		18882717284F1C9C00D19356 /* Virtual CloseoutUITests */ = {
			isa = PBXGroup;
			children = (
				18882718284F1C9C00D19356 /* Virtual_CloseoutUITests.swift */,
				1888271A284F1C9C00D19356 /* Virtual_CloseoutUITestsLaunchTests.swift */,
			);
			path = "Virtual CloseoutUITests";
			sourceTree = "<group>";
		};
/* End PBXGroup section */

/* Begin PBXNativeTarget section */
		188826F3284F1C9900D19356 /* Virtual Closeout */ = {
			isa = PBXNativeTarget;
			buildConfigurationList = 1888271E284F1C9C00D19356 /* Build configuration list for PBXNativeTarget "Virtual Closeout" */;
			buildPhases = (
				188826F0284F1C9900D19356 /* Sources */,
				188826F1284F1C9900D19356 /* Frameworks */,
				188826F2284F1C9900D19356 /* Resources */,
			);
			buildRules = (
			);
			dependencies = (
			);
			name = "Virtual Closeout";
			productName = "Virtual Closeout";
			productReference = 188826F4284F1C9900D19356 /* Virtual Closeout.app */;
			productType = "com.apple.product-type.application";
		};
		18882709284F1C9C00D19356 /* Virtual CloseoutTests */ = {
			isa = PBXNativeTarget;
			buildConfigurationList = 18882721284F1C9C00D19356 /* Build configuration list for PBXNativeTarget "Virtual CloseoutTests" */;
			buildPhases = (
				18882706284F1C9C00D19356 /* Sources */,
				18882707284F1C9C00D19356 /* Frameworks */,
				18882708284F1C9C00D19356 /* Resources */,
			);
			buildRules = (
			);
			dependencies = (
				1888270C284F1C9C00D19356 /* PBXTargetDependency */,
			);
			name = "Virtual CloseoutTests";
			productName = "Virtual CloseoutTests";
			productReference = 1888270A284F1C9C00D19356 /* Virtual CloseoutTests.xctest */;
			productType = "com.apple.product-type.bundle.unit-test";
		};
		18882713284F1C9C00D19356 /* Virtual CloseoutUITests */ = {
			isa = PBXNativeTarget;
			buildConfigurationList = 18882724284F1C9C00D19356 /* Build configuration list for PBXNativeTarget "Virtual CloseoutUITests" */;
			buildPhases = (
				18882710284F1C9C00D19356 /* Sources */,
				18882711284F1C9C00D19356 /* Frameworks */,
				18882712284F1C9C00D19356 /* Resources */,
			);
			buildRules = (
			);
			dependencies = (
				18882716284F1C9C00D19356 /* PBXTargetDependency */,
			);
			name = "Virtual CloseoutUITests";
			productName = "Virtual CloseoutUITests";
			productReference = 18882714284F1C9C00D19356 /* Virtual CloseoutUITests.xctest */;
			productType = "com.apple.product-type.bundle.ui-testing";
		};
/* End PBXNativeTarget section */

/* Begin PBXProject section */
		188826EC284F1C9900D19356 /* Project object */ = {
			isa = PBXProject;
			attributes = {
				BuildIndependentTargetsInParallel = 1;
				LastSwiftUpdateCheck = 1340;
				LastUpgradeCheck = 1340;
				TargetAttributes = {
					188826F3284F1C9900D19356 = {
						CreatedOnToolsVersion = 13.4.1;
					};
					18882709284F1C9C00D19356 = {
						CreatedOnToolsVersion = 13.4.1;
						TestTargetID = 188826F3284F1C9900D19356;
					};
					18882713284F1C9C00D19356 = {
						CreatedOnToolsVersion = 13.4.1;
						TestTargetID = 188826F3284F1C9900D19356;
					};
				};
			};
			buildConfigurationList = 188826EF284F1C9900D19356 /* Build configuration list for PBXProject "Virtual Closeout" */;
			compatibilityVersion = "Xcode 13.0";
			developmentRegion = en;
			hasScannedForEncodings = 0;
			knownRegions = (
				en,
				Base,
			);
			mainGroup = 188826EB284F1C9900D19356;
			productRefGroup = 188826F5284F1C9900D19356 /* Products */;
			projectDirPath = "";
			projectRoot = "";
			targets = (
				188826F3284F1C9900D19356 /* Virtual Closeout */,
				18882709284F1C9C00D19356 /* Virtual CloseoutTests */,
				18882713284F1C9C00D19356 /* Virtual CloseoutUITests */,
			);
		};
/* End PBXProject section */

/* Begin PBXResourcesBuildPhase section */
		188826F2284F1C9900D19356 /* Resources */ = {
			isa = PBXResourcesBuildPhase;
			buildActionMask = 2147483647;
			files = (
				18882704284F1C9C00D19356 /* LaunchScreen.storyboard in Resources */,
				18882701284F1C9C00D19356 /* Assets.xcassets in Resources */,
				188826FF284F1C9900D19356 /* Main.storyboard in Resources */,
			);
			runOnlyForDeploymentPostprocessing = 0;
		};
		18882708284F1C9C00D19356 /* Resources */ = {
			isa = PBXResourcesBuildPhase;
			buildActionMask = 2147483647;
			files = (
			);
			runOnlyForDeploymentPostprocessing = 0;
		};
		18882712284F1C9C00D19356 /* Resources */ = {
			isa = PBXResourcesBuildPhase;
			buildActionMask = 2147483647;
			files = (
			);
			runOnlyForDeploymentPostprocessing = 0;
		};
/* End PBXResourcesBuildPhase section */

/* Begin PBXSourcesBuildPhase section */
		188826F0284F1C9900D19356 /* Sources */ = {
			isa = PBXSourcesBuildPhase;
			buildActionMask = 2147483647;
			files = (
				188826FC284F1C9900D19356 /* ViewController.swift in Sources */,
				188826F8284F1C9900D19356 /* AppDelegate.swift in Sources */,
				188826FA284F1C9900D19356 /* SceneDelegate.swift in Sources */,
			);
			runOnlyForDeploymentPostprocessing = 0;
		};
		18882706284F1C9C00D19356 /* Sources */ = {
			isa = PBXSourcesBuildPhase;
			buildActionMask = 2147483647;
			files = (
				1888270F284F1C9C00D19356 /* Virtual_CloseoutTests.swift in Sources */,
			);
			runOnlyForDeploymentPostprocessing = 0;
		};
		18882710284F1C9C00D19356 /* Sources */ = {
			isa = PBXSourcesBuildPhase;
			buildActionMask = 2147483647;
			files = (
				1888271B284F1C9C00D19356 /* Virtual_CloseoutUITestsLaunchTests.swift in Sources */,
				18882719284F1C9C00D19356 /* Virtual_CloseoutUITests.swift in Sources */,
			);
			runOnlyForDeploymentPostprocessing = 0;
		};
/* End PBXSourcesBuildPhase section */

/* Begin PBXTargetDependency section */
		1888270C284F1C9C00D19356 /* PBXTargetDependency */ = {
			isa = PBXTargetDependency;
			target = 188826F3284F1C9900D19356 /* Virtual Closeout */;
			targetProxy = 1888270B284F1C9C00D19356 /* PBXContainerItemProxy */;
		};
		18882716284F1C9C00D19356 /* PBXTargetDependency */ = {
			isa = PBXTargetDependency;
			target = 188826F3284F1C9900D19356 /* Virtual Closeout */;
			targetProxy = 18882715284F1C9C00D19356 /* PBXContainerItemProxy */;
		};
/* End PBXTargetDependency section */

/* Begin PBXVariantGroup section */
		188826FD284F1C9900D19356 /* Main.storyboard */ = {
			isa = PBXVariantGroup;
			children = (
				188826FE284F1C9900D19356 /* Base */,
			);
			name = Main.storyboard;
			sourceTree = "<group>";
		};
		18882702284F1C9C00D19356 /* LaunchScreen.storyboard */ = {
			isa = PBXVariantGroup;
			children = (
				18882703284F1C9C00D19356 /* Base */,
			);
			name = LaunchScreen.storyboard;
			sourceTree = "<group>";
		};
/* End PBXVariantGroup section */

/* Begin XCBuildConfiguration section */
		1888271C284F1C9C00D19356 /* Debug */ = {
			isa = XCBuildConfiguration;
			buildSettings = {
				ALWAYS_SEARCH_USER_PATHS = NO;
				CLANG_ANALYZER_NONNULL = YES;
				CLANG_ANALYZER_NUMBER_OBJECT_CONVERSION = YES_AGGRESSIVE;
				CLANG_CXX_LANGUAGE_STANDARD = "gnu++17";
				CLANG_ENABLE_MODULES = YES;
				CLANG_ENABLE_OBJC_ARC = YES;
				CLANG_ENABLE_OBJC_WEAK = YES;
				CLANG_WARN_BLOCK_CAPTURE_AUTORELEASING = YES;
				CLANG_WARN_BOOL_CONVERSION = YES;
				CLANG_WARN_COMMA = YES;
				CLANG_WARN_CONSTANT_CONVERSION = YES;
				CLANG_WARN_DEPRECATED_OBJC_IMPLEMENTATIONS = YES;
				CLANG_WARN_DIRECT_OBJC_ISA_USAGE = YES_ERROR;
				CLANG_WARN_DOCUMENTATION_COMMENTS = YES;
				CLANG_WARN_EMPTY_BODY = YES;
				CLANG_WARN_ENUM_CONVERSION = YES;
				CLANG_WARN_INFINITE_RECURSION = YES;
				CLANG_WARN_INT_CONVERSION = YES;
				CLANG_WARN_NON_LITERAL_NULL_CONVERSION = YES;
				CLANG_WARN_OBJC_IMPLICIT_RETAIN_SELF = YES;
				CLANG_WARN_OBJC_LITERAL_CONVERSION = YES;
				CLANG_WARN_OBJC_ROOT_CLASS = YES_ERROR;
				CLANG_WARN_QUOTED_INCLUDE_IN_FRAMEWORK_HEADER = YES;
				CLANG_WARN_RANGE_LOOP_ANALYSIS = YES;
				CLANG_WARN_STRICT_PROTOTYPES = YES;
				CLANG_WARN_SUSPICIOUS_MOVE = YES;
				CLANG_WARN_UNGUARDED_AVAILABILITY = YES_AGGRESSIVE;
				CLANG_WARN_UNREACHABLE_CODE = YES;
				CLANG_WARN__DUPLICATE_METHOD_MATCH = YES;
				COPY_PHASE_STRIP = NO;
				DEBUG_INFORMATION_FORMAT = dwarf;
				ENABLE_STRICT_OBJC_MSGSEND = YES;
				ENABLE_TESTABILITY = YES;
				GCC_C_LANGUAGE_STANDARD = gnu11;
				GCC_DYNAMIC_NO_PIC = NO;
				GCC_NO_COMMON_BLOCKS = YES;
				GCC_OPTIMIZATION_LEVEL = 0;
				GCC_PREPROCESSOR_DEFINITIONS = (
					"DEBUG=1",
					"$(inherited)",
				);
				GCC_WARN_64_TO_32_BIT_CONVERSION = YES;
				GCC_WARN_ABOUT_RETURN_TYPE = YES_ERROR;
				GCC_WARN_UNDECLARED_SELECTOR = YES;
				GCC_WARN_UNINITIALIZED_AUTOS = YES_AGGRESSIVE;
				GCC_WARN_UNUSED_FUNCTION = YES;
				GCC_WARN_UNUSED_VARIABLE = YES;
				IPHONEOS_DEPLOYMENT_TARGET = 15.5;
				MTL_ENABLE_DEBUG_INFO = INCLUDE_SOURCE;
				MTL_FAST_MATH = YES;
				ONLY_ACTIVE_ARCH = YES;
				SDKROOT = iphoneos;
				SWIFT_ACTIVE_COMPILATION_CONDITIONS = DEBUG;
				SWIFT_OPTIMIZATION_LEVEL = "-Onone";
			};
			name = Debug;
		};
		1888271D284F1C9C00D19356 /* Release */ = {
			isa = XCBuildConfiguration;
			buildSettings = {
				ALWAYS_SEARCH_USER_PATHS = NO;
				CLANG_ANALYZER_NONNULL = YES;
				CLANG_ANALYZER_NUMBER_OBJECT_CONVERSION = YES_AGGRESSIVE;
				CLANG_CXX_LANGUAGE_STANDARD = "gnu++17";
				CLANG_ENABLE_MODULES = YES;
				CLANG_ENABLE_OBJC_ARC = YES;
				CLANG_ENABLE_OBJC_WEAK = YES;
				CLANG_WARN_BLOCK_CAPTURE_AUTORELEASING = YES;
				CLANG_WARN_BOOL_CONVERSION = YES;
				CLANG_WARN_COMMA = YES;
				CLANG_WARN_CONSTANT_CONVERSION = YES;
				CLANG_WARN_DEPRECATED_OBJC_IMPLEMENTATIONS = YES;
				CLANG_WARN_DIRECT_OBJC_ISA_USAGE = YES_ERROR;
				CLANG_WARN_DOCUMENTATION_COMMENTS = YES;
				CLANG_WARN_EMPTY_BODY = YES;
				CLANG_WARN_ENUM_CONVERSION = YES;
				CLANG_WARN_INFINITE_RECURSION = YES;
				CLANG_WARN_INT_CONVERSION = YES;
				CLANG_WARN_NON_LITERAL_NULL_CONVERSION = YES;
				CLANG_WARN_OBJC_IMPLICIT_RETAIN_SELF = YES;
				CLANG_WARN_OBJC_LITERAL_CONVERSION = YES;
				CLANG_WARN_OBJC_ROOT_CLASS = YES_ERROR;
				CLANG_WARN_QUOTED_INCLUDE_IN_FRAMEWORK_HEADER = YES;
				CLANG_WARN_RANGE_LOOP_ANALYSIS = YES;
				CLANG_WARN_STRICT_PROTOTYPES = YES;
				CLANG_WARN_SUSPICIOUS_MOVE = YES;
				CLANG_WARN_UNGUARDED_AVAILABILITY = YES_AGGRESSIVE;
				CLANG_WARN_UNREACHABLE_CODE = YES;
				CLANG_WARN__DUPLICATE_METHOD_MATCH = YES;
				COPY_PHASE_STRIP = NO;
				DEBUG_INFORMATION_FORMAT = "dwarf-with-dsym";
				ENABLE_NS_ASSERTIONS = NO;
				ENABLE_STRICT_OBJC_MSGSEND = YES;
				GCC_C_LANGUAGE_STANDARD = gnu11;
				GCC_NO_COMMON_BLOCKS = YES;
				GCC_WARN_64_TO_32_BIT_CONVERSION = YES;
				GCC_WARN_ABOUT_RETURN_TYPE = YES_ERROR;
				GCC_WARN_UNDECLARED_SELECTOR = YES;
				GCC_WARN_UNINITIALIZED_AUTOS = YES_AGGRESSIVE;
				GCC_WARN_UNUSED_FUNCTION = YES;
				GCC_WARN_UNUSED_VARIABLE = YES;
				IPHONEOS_DEPLOYMENT_TARGET = 15.5;
				MTL_ENABLE_DEBUG_INFO = NO;
				MTL_FAST_MATH = YES;
				SDKROOT = iphoneos;
				SWIFT_COMPILATION_MODE = wholemodule;
				SWIFT_OPTIMIZATION_LEVEL = "-O";
				VALIDATE_PRODUCT = YES;
			};
			name = Release;
		};
		1888271F284F1C9C00D19356 /* Debug */ = {
			isa = XCBuildConfiguration;
			buildSettings = {
				ASSETCATALOG_COMPILER_APPICON_NAME = AppIcon;
				ASSETCATALOG_COMPILER_GLOBAL_ACCENT_COLOR_NAME = AccentColor;
				CODE_SIGN_STYLE = Automatic;
				CURRENT_PROJECT_VERSION = 1;
				DEVELOPMENT_TEAM = D37Q5QQBDA;
				GENERATE_INFOPLIST_FILE = YES;
				INFOPLIST_FILE = "Virtual Closeout/Info.plist";
				INFOPLIST_KEY_UIApplicationSupportsIndirectInputEvents = YES;
				INFOPLIST_KEY_UILaunchStoryboardName = LaunchScreen;
				INFOPLIST_KEY_UIMainStoryboardFile = Main;
				INFOPLIST_KEY_UISupportedInterfaceOrientations_iPad = "UIInterfaceOrientationPortrait UIInterfaceOrientationPortraitUpsideDown UIInterfaceOrientationLandscapeLeft UIInterfaceOrientationLandscapeRight";
				INFOPLIST_KEY_UISupportedInterfaceOrientations_iPhone = "UIInterfaceOrientationPortrait UIInterfaceOrientationLandscapeLeft UIInterfaceOrientationLandscapeRight";
				LD_RUNPATH_SEARCH_PATHS = (
					"$(inherited)",
					"@executable_path/Frameworks",
				);
				MARKETING_VERSION = 1.0;
				PRODUCT_BUNDLE_IDENTIFIER = "com.apple.test.Virtual-Closeout";
				PRODUCT_NAME = "$(TARGET_NAME)";
				SWIFT_EMIT_LOC_STRINGS = YES;
				SWIFT_VERSION = 5.0;
				TARGETED_DEVICE_FAMILY = "1,2";
			};
			name = Debug;
		};
		18882720284F1C9C00D19356 /* Release */ = {
			isa = XCBuildConfiguration;
			buildSettings = {
				ASSETCATALOG_COMPILER_APPICON_NAME = AppIcon;
				ASSETCATALOG_COMPILER_GLOBAL_ACCENT_COLOR_NAME = AccentColor;
				CODE_SIGN_STYLE = Automatic;
				CURRENT_PROJECT_VERSION = 1;
				DEVELOPMENT_TEAM = D37Q5QQBDA;
				GENERATE_INFOPLIST_FILE = YES;
				INFOPLIST_FILE = "Virtual Closeout/Info.plist";
				INFOPLIST_KEY_UIApplicationSupportsIndirectInputEvents = YES;
				INFOPLIST_KEY_UILaunchStoryboardName = LaunchScreen;
				INFOPLIST_KEY_UIMainStoryboardFile = Main;
				INFOPLIST_KEY_UISupportedInterfaceOrientations_iPad = "UIInterfaceOrientationPortrait UIInterfaceOrientationPortraitUpsideDown UIInterfaceOrientationLandscapeLeft UIInterfaceOrientationLandscapeRight";
				INFOPLIST_KEY_UISupportedInterfaceOrientations_iPhone = "UIInterfaceOrientationPortrait UIInterfaceOrientationLandscapeLeft UIInterfaceOrientationLandscapeRight";
				LD_RUNPATH_SEARCH_PATHS = (
					"$(inherited)",
					"@executable_path/Frameworks",
				);
				MARKETING_VERSION = 1.0;
				PRODUCT_BUNDLE_IDENTIFIER = "com.apple.test.Virtual-Closeout";
				PRODUCT_NAME = "$(TARGET_NAME)";
				SWIFT_EMIT_LOC_STRINGS = YES;
				SWIFT_VERSION = 5.0;
				TARGETED_DEVICE_FAMILY = "1,2";
			};
			name = Release;
		};
		18882722284F1C9C00D19356 /* Debug */ = {
			isa = XCBuildConfiguration;
			buildSettings = {
				ALWAYS_EMBED_SWIFT_STANDARD_LIBRARIES = YES;
				BUNDLE_LOADER = "$(TEST_HOST)";
				CODE_SIGN_STYLE = Automatic;
				CURRENT_PROJECT_VERSION = 1;
				DEVELOPMENT_TEAM = D37Q5QQBDA;
				GENERATE_INFOPLIST_FILE = YES;
				IPHONEOS_DEPLOYMENT_TARGET = 15.5;
				MARKETING_VERSION = 1.0;
				PRODUCT_BUNDLE_IDENTIFIER = "com.apple.test.Virtual-CloseoutTests";
				PRODUCT_NAME = "$(TARGET_NAME)";
				SWIFT_EMIT_LOC_STRINGS = NO;
				SWIFT_VERSION = 5.0;
				TARGETED_DEVICE_FAMILY = "1,2";
				TEST_HOST = "$(BUILT_PRODUCTS_DIR)/Virtual Closeout.app/Virtual Closeout";
			};
			name = Debug;
		};
		18882723284F1C9C00D19356 /* Release */ = {
			isa = XCBuildConfiguration;
			buildSettings = {
				ALWAYS_EMBED_SWIFT_STANDARD_LIBRARIES = YES;
				BUNDLE_LOADER = "$(TEST_HOST)";
				CODE_SIGN_STYLE = Automatic;
				CURRENT_PROJECT_VERSION = 1;
				DEVELOPMENT_TEAM = D37Q5QQBDA;
				GENERATE_INFOPLIST_FILE = YES;
				IPHONEOS_DEPLOYMENT_TARGET = 15.5;
				MARKETING_VERSION = 1.0;
				PRODUCT_BUNDLE_IDENTIFIER = "com.apple.test.Virtual-CloseoutTests";
				PRODUCT_NAME = "$(TARGET_NAME)";
				SWIFT_EMIT_LOC_STRINGS = NO;
				SWIFT_VERSION = 5.0;
				TARGETED_DEVICE_FAMILY = "1,2";
				TEST_HOST = "$(BUILT_PRODUCTS_DIR)/Virtual Closeout.app/Virtual Closeout";
			};
			name = Release;
		};
		18882725284F1C9C00D19356 /* Debug */ = {
			isa = XCBuildConfiguration;
			buildSettings = {
				ALWAYS_EMBED_SWIFT_STANDARD_LIBRARIES = YES;
				CODE_SIGN_STYLE = Automatic;
				CURRENT_PROJECT_VERSION = 1;
				DEVELOPMENT_TEAM = D37Q5QQBDA;
				GENERATE_INFOPLIST_FILE = YES;
				MARKETING_VERSION = 1.0;
				PRODUCT_BUNDLE_IDENTIFIER = "com.apple.test.Virtual-CloseoutUITests";
				PRODUCT_NAME = "$(TARGET_NAME)";
				SWIFT_EMIT_LOC_STRINGS = NO;
				SWIFT_VERSION = 5.0;
				TARGETED_DEVICE_FAMILY = "1,2";
				TEST_TARGET_NAME = "Virtual Closeout";
			};
			name = Debug;
		};
		18882726284F1C9C00D19356 /* Release */ = {
			isa = XCBuildConfiguration;
			buildSettings = {
				ALWAYS_EMBED_SWIFT_STANDARD_LIBRARIES = YES;
				CODE_SIGN_STYLE = Automatic;
				CURRENT_PROJECT_VERSION = 1;
				DEVELOPMENT_TEAM = D37Q5QQBDA;
				GENERATE_INFOPLIST_FILE = YES;
				MARKETING_VERSION = 1.0;
				PRODUCT_BUNDLE_IDENTIFIER = "com.apple.test.Virtual-CloseoutUITests";
				PRODUCT_NAME = "$(TARGET_NAME)";
				SWIFT_EMIT_LOC_STRINGS = NO;
				SWIFT_VERSION = 5.0;
				TARGETED_DEVICE_FAMILY = "1,2";
				TEST_TARGET_NAME = "Virtual Closeout";
			};
			name = Release;
		};
/* End XCBuildConfiguration section */

/* Begin XCConfigurationList section */
		188826EF284F1C9900D19356 /* Build configuration list for PBXProject "Virtual Closeout" */ = {
			isa = XCConfigurationList;
			buildConfigurations = (
				1888271C284F1C9C00D19356 /* Debug */,
				1888271D284F1C9C00D19356 /* Release */,
			);
			defaultConfigurationIsVisible = 0;
			defaultConfigurationName = Release;
		};
		1888271E284F1C9C00D19356 /* Build configuration list for PBXNativeTarget "Virtual Closeout" */ = {
			isa = XCConfigurationList;
			buildConfigurations = (
				1888271F284F1C9C00D19356 /* Debug */,
				18882720284F1C9C00D19356 /* Release */,
			);
			defaultConfigurationIsVisible = 0;
			defaultConfigurationName = Release;
		};
		18882721284F1C9C00D19356 /* Build configuration list for PBXNativeTarget "Virtual CloseoutTests" */ = {
			isa = XCConfigurationList;
			buildConfigurations = (
				18882722284F1C9C00D19356 /* Debug */,
				18882723284F1C9C00D19356 /* Release */,
			);
			defaultConfigurationIsVisible = 0;
			defaultConfigurationName = Release;
		};
		18882724284F1C9C00D19356 /* Build configuration list for PBXNativeTarget "Virtual CloseoutUITests" */ = {
			isa = XCConfigurationList;
			buildConfigurations = (
				18882725284F1C9C00D19356 /* Debug */,
				18882726284F1C9C00D19356 /* Release */,
			);
			defaultConfigurationIsVisible = 0;
			defaultConfigurationName = Release;
		};
/* End XCConfigurationList section */
	};
	rootObject = 188826EC284F1C9900D19356 /* Project object */;
}
